
Microsoft Visual Studio Solution File, Format Version 12.00
# Visual Studio 15
VisualStudioVersion = 15.0.27703.2018
MinimumVisualStudioVersion = 10.0.40219.1
Project("{9A19103F-16F7-4668-BE54-9A1E7A4F7556}") = "Workshop", "src\Workshop\Workshop.csproj", "{E33A3E9E-3A19-43E6-8E96-26248DFEBAED}"
EndProject
Project("{E53339B2-1760-4266-BCC7-CA923CBCF16C}") = "docker-compose", "docker-compose.dcproj", "{3227CD73-E6FD-4E31-A1E5-750BD3D316DA}"
EndProject
Project("{9A19103F-16F7-4668-BE54-9A1E7A4F7556}") = "Workshop.Data", "src\Workshop.Data\Workshop.Data.csproj", "{3AB558FF-8359-49A6-8B86-492EFDDE7A22}"
EndProject
Project("{9A19103F-16F7-4668-BE54-9A1E7A4F7556}") = "Workshop.Account", "src\Workshop.Account\Workshop.Account.csproj", "{1C7655CF-9170-4605-9E47-EB7CBE7E5C80}"
EndProject
Project("{9A19103F-16F7-4668-BE54-9A1E7A4F7556}") = "Workshop.Common", "src\Workshop.Common\Workshop.Common.csproj", "{29D7482D-E231-4B96-A547-95B9B9C945D6}"
EndProject
Project("{FAE04EC0-301F-11D3-BF4B-00C04F79EFBC}") = "Workshop.Logging", "src\Workshop.Logging\Workshop.Logging.csproj", "{18DEBA8C-8C15-41E9-A746-4B2DE3D96E78}"
EndProject
Project("{FAE04EC0-301F-11D3-BF4B-00C04F79EFBC}") = "Workshop.Cars", "src\Workshop.Car\Workshop.Cars.csproj", "{6DB1E31C-899F-4EC6-A1A4-02940C7B769B}"
EndProject
Global
	GlobalSection(SolutionConfigurationPlatforms) = preSolution
		Debug|Any CPU = Debug|Any CPU
		Release|Any CPU = Release|Any CPU
	EndGlobalSection
	GlobalSection(ProjectConfigurationPlatforms) = postSolution
		{E33A3E9E-3A19-43E6-8E96-26248DFEBAED}.Debug|Any CPU.ActiveCfg = Debug|Any CPU
		{E33A3E9E-3A19-43E6-8E96-26248DFEBAED}.Debug|Any CPU.Build.0 = Debug|Any CPU
		{E33A3E9E-3A19-43E6-8E96-26248DFEBAED}.Release|Any CPU.ActiveCfg = Release|Any CPU
		{E33A3E9E-3A19-43E6-8E96-26248DFEBAED}.Release|Any CPU.Build.0 = Release|Any CPU
		{3227CD73-E6FD-4E31-A1E5-750BD3D316DA}.Debug|Any CPU.ActiveCfg = Debug|Any CPU
		{3227CD73-E6FD-4E31-A1E5-750BD3D316DA}.Debug|Any CPU.Build.0 = Debug|Any CPU
		{3227CD73-E6FD-4E31-A1E5-750BD3D316DA}.Release|Any CPU.ActiveCfg = Release|Any CPU
		{3227CD73-E6FD-4E31-A1E5-750BD3D316DA}.Release|Any CPU.Build.0 = Release|Any CPU
		{3AB558FF-8359-49A6-8B86-492EFDDE7A22}.Debug|Any CPU.ActiveCfg = Debug|Any CPU
		{3AB558FF-8359-49A6-8B86-492EFDDE7A22}.Debug|Any CPU.Build.0 = Debug|Any CPU
		{3AB558FF-8359-49A6-8B86-492EFDDE7A22}.Release|Any CPU.ActiveCfg = Release|Any CPU
		{3AB558FF-8359-49A6-8B86-492EFDDE7A22}.Release|Any CPU.Build.0 = Release|Any CPU
		{1C7655CF-9170-4605-9E47-EB7CBE7E5C80}.Debug|Any CPU.ActiveCfg = Debug|Any CPU
		{1C7655CF-9170-4605-9E47-EB7CBE7E5C80}.Debug|Any CPU.Build.0 = Debug|Any CPU
		{1C7655CF-9170-4605-9E47-EB7CBE7E5C80}.Release|Any CPU.ActiveCfg = Release|Any CPU
		{1C7655CF-9170-4605-9E47-EB7CBE7E5C80}.Release|Any CPU.Build.0 = Release|Any CPU
		{29D7482D-E231-4B96-A547-95B9B9C945D6}.Debug|Any CPU.ActiveCfg = Debug|Any CPU
		{29D7482D-E231-4B96-A547-95B9B9C945D6}.Debug|Any CPU.Build.0 = Debug|Any CPU
		{29D7482D-E231-4B96-A547-95B9B9C945D6}.Release|Any CPU.ActiveCfg = Release|Any CPU
		{29D7482D-E231-4B96-A547-95B9B9C945D6}.Release|Any CPU.Build.0 = Release|Any CPU
		{18DEBA8C-8C15-41E9-A746-4B2DE3D96E78}.Debug|Any CPU.ActiveCfg = Debug|Any CPU
		{18DEBA8C-8C15-41E9-A746-4B2DE3D96E78}.Debug|Any CPU.Build.0 = Debug|Any CPU
		{18DEBA8C-8C15-41E9-A746-4B2DE3D96E78}.Release|Any CPU.ActiveCfg = Release|Any CPU
		{18DEBA8C-8C15-41E9-A746-4B2DE3D96E78}.Release|Any CPU.Build.0 = Release|Any CPU
		{6DB1E31C-899F-4EC6-A1A4-02940C7B769B}.Debug|Any CPU.ActiveCfg = Debug|Any CPU
		{6DB1E31C-899F-4EC6-A1A4-02940C7B769B}.Debug|Any CPU.Build.0 = Debug|Any CPU
		{6DB1E31C-899F-4EC6-A1A4-02940C7B769B}.Release|Any CPU.ActiveCfg = Release|Any CPU
		{6DB1E31C-899F-4EC6-A1A4-02940C7B769B}.Release|Any CPU.Build.0 = Release|Any CPU
	EndGlobalSection
	GlobalSection(SolutionProperties) = preSolution
		HideSolutionNode = FALSE
	EndGlobalSection
	GlobalSection(ExtensibilityGlobals) = postSolution
		SolutionGuid = {C2A2D4E4-DF30-4F46-A62E-AB843C1EB6C8}
	EndGlobalSection
EndGlobal
